<?xml version="1.0" encoding="utf-8"?>
<Project ToolsVersion="4.0" xmlns="http://schemas.microsoft.com/developer/msbuild/2003">
  <ItemGroup>
    <Filter Include="Source Files">
      <UniqueIdentifier>{4FC737F1-C7A5-4376-A066-2A32D752A2FF}</UniqueIdentifier>
      <Extensions>cpp;c;cc;cxx;def;odl;idl;hpj;bat;asm;asmx</Extensions>
    </Filter>
    <Filter Include="Source Files\States">
      <UniqueIdentifier>{cf331722-e8dd-460d-8ddc-10a53ad228ed}</UniqueIdentifier>
    </Filter>
    <Filter Include="Source Files\GameObject">
      <UniqueIdentifier>{8b055dbb-4e01-4483-aed2-9ec6761e0586}</UniqueIdentifier>
    </Filter>
    <Filter Include="Header Files">
      <UniqueIdentifier>{93995380-89BD-4b04-88EB-625FBE52EBFB}</UniqueIdentifier>
      <Extensions>h;hpp;hxx;hm;inl;inc;xsd</Extensions>
    </Filter>
    <Filter Include="Header Files\States">
      <UniqueIdentifier>{b89120b6-9823-4d78-a927-763ff79f20c5}</UniqueIdentifier>
    </Filter>
    <Filter Include="Header Files\GameObject">
      <UniqueIdentifier>{34446285-fc4d-4f63-8e86-b13a25d90084}</UniqueIdentifier>
    </Filter>
    <Filter Include="Header Files\GameData">
      <UniqueIdentifier>{286b33ce-7654-4096-9d34-6df31464f606}</UniqueIdentifier>
    </Filter>
    <Filter Include="Resource Files">
      <UniqueIdentifier>{67DA6AB6-F800-4c08-8B7A-83BB121AAD01}</UniqueIdentifier>
      <Extensions>rc;ico;cur;bmp;dlg;rc2;rct;bin;rgs;gif;jpg;jpeg;jpe;resx;tiff;tif;png;wav</Extensions>
    </Filter>
  </ItemGroup>
  <ItemGroup>
    <ClCompile Include="CDemo.cpp">
      <Filter>Source Files</Filter>
    </ClCompile>
    <ClCompile Include="main.cpp">
      <Filter>Source Files</Filter>
    </ClCompile>
    <ClCompile Include="CStateIngame.cpp">
      <Filter>Source Files\States</Filter>
    </ClCompile>
    <ClCompile Include="BulletObject.cpp">
      <Filter>Source Files\GameObject</Filter>
    </ClCompile>
    <ClCompile Include="EnemyObject.cpp">
      <Filter>Source Files\GameObject</Filter>
    </ClCompile>
    <ClCompile Include="GameObject.cpp">
      <Filter>Source Files\GameObject</Filter>
    </ClCompile>
    <ClCompile Include="MapObject.cpp">
      <Filter>Source Files\GameObject</Filter>
    </ClCompile>
    <ClCompile Include="ObjectManager.cpp">
      <Filter>Source Files\GameObject</Filter>
    </ClCompile>
    <ClCompile Include="ObstacleObject.cpp">
      <Filter>Source Files\GameObject</Filter>
    </ClCompile>
    <ClCompile Include="TowerObject.cpp">
      <Filter>Source Files\GameObject</Filter>
    </ClCompile>
  </ItemGroup>
  <ItemGroup>
    <ClInclude Include="CDemo.h">
      <Filter>Header Files</Filter>
    </ClInclude>
    <ClInclude Include="CStateIngame.h">
      <Filter>Header Files\States</Filter>
    </ClInclude>
    <ClInclude Include="BulletObject.h">
      <Filter>Header Files\GameObject</Filter>
    </ClInclude>
    <ClInclude Include="EnemyObject.h">
      <Filter>Header Files\GameObject</Filter>
    </ClInclude>
    <ClInclude Include="GameObject.h">
      <Filter>Header Files\GameObject</Filter>
    </ClInclude>
    <ClInclude Include="MapObject.h">
      <Filter>Header Files\GameObject</Filter>
    </ClInclude>
    <ClInclude Include="ObjectManager.h">
      <Filter>Header Files\GameObject</Filter>
    </ClInclude>
    <ClInclude Include="ObstacleObject.h">
      <Filter>Header Files\GameObject</Filter>
    </ClInclude>
    <ClInclude Include="TowerObject.h">
      <Filter>Header Files\GameObject</Filter>
    </ClInclude>
    <ClInclude Include="BulletData.h">
      <Filter>Header Files\GameData</Filter>
    </ClInclude>
    <ClInclude Include="EnemyData.h">
      <Filter>Header Files\GameData</Filter>
    </ClInclude>
    <ClInclude Include="GameData.h">
      <Filter>Header Files\GameData</Filter>
    </ClInclude>
    <ClInclude Include="MapData.h">
      <Filter>Header Files\GameData</Filter>
    </ClInclude>
    <ClInclude Include="ObstacleData.h">
      <Filter>Header Files\GameData</Filter>
    </ClInclude>
    <ClInclude Include="TowerData.h">
      <Filter>Header Files\GameData</Filter>
    </ClInclude>
    <ClInclude Include="ModelData.h">
      <Filter>Header Files\GameData</Filter>
    </ClInclude>
  </ItemGroup>
</Project>