<?xml version="1.0" encoding="utf-8"?>
<Project ToolsVersion="4.0" xmlns="http://schemas.microsoft.com/developer/msbuild/2003">
  <ItemGroup>
    <Filter Include="Source Files">
      <UniqueIdentifier>{4FC737F1-C7A5-4376-A066-2A32D752A2FF}</UniqueIdentifier>
      <Extensions>cpp;c;cc;cxx;def;odl;idl;hpj;bat;asm;asmx</Extensions>
    </Filter>
    <Filter Include="Header Files">
      <UniqueIdentifier>{93995380-89BD-4b04-88EB-625FBE52EBFB}</UniqueIdentifier>
      <Extensions>h;hpp;hxx;hm;inl;inc;xsd</Extensions>
    </Filter>
    <Filter Include="Header Files\Audio">
      <UniqueIdentifier>{74e70b42-d1df-4d19-9c7d-7a3e8f17d6ab}</UniqueIdentifier>
    </Filter>
    <Filter Include="Header Files\Controller">
      <UniqueIdentifier>{b302bad9-a62a-4d2f-b404-39e310722b73}</UniqueIdentifier>
    </Filter>
    <Filter Include="Header Files\IO">
      <UniqueIdentifier>{1f9d268e-cd65-4ab2-836d-afa4fcca24f6}</UniqueIdentifier>
    </Filter>
    <Filter Include="Header Files\Resource Management">
      <UniqueIdentifier>{100153a4-2c92-4f57-b59e-319ddcc87e8e}</UniqueIdentifier>
    </Filter>
    <Filter Include="Header Files\State Management">
      <UniqueIdentifier>{d12b5233-a141-429f-a801-51c1b13d8cc6}</UniqueIdentifier>
    </Filter>
    <Filter Include="Header Files\Utilities">
      <UniqueIdentifier>{9026b006-816c-496a-8736-b41bbbef1580}</UniqueIdentifier>
    </Filter>
    <Filter Include="Header Files\Video">
      <UniqueIdentifier>{27eca303-0a4d-4e9e-9118-b2064a39b1f3}</UniqueIdentifier>
    </Filter>
    <Filter Include="Header Files\View">
      <UniqueIdentifier>{1a315376-f1b1-4c76-a7ac-47c42a695b1f}</UniqueIdentifier>
    </Filter>
    <Filter Include="Resource Files">
      <UniqueIdentifier>{67DA6AB6-F800-4c08-8B7A-83BB121AAD01}</UniqueIdentifier>
      <Extensions>rc;ico;cur;bmp;dlg;rc2;rct;bin;rgs;gif;jpg;jpeg;jpe;resx;tiff;tif;png;wav</Extensions>
    </Filter>
  </ItemGroup>
  <ItemGroup>
    <ClCompile Include="..\..\source\CALAudioDriver.cpp">
      <Filter>Source Files</Filter>
    </ClCompile>
    <ClCompile Include="..\..\source\CAudioDriver.cpp">
      <Filter>Source Files</Filter>
    </ClCompile>
    <ClCompile Include="..\..\source\CAudioPlayer.cpp">
      <Filter>Source Files</Filter>
    </ClCompile>
    <ClCompile Include="..\..\source\CCompressor.cpp">
      <Filter>Source Files</Filter>
    </ClCompile>
    <ClCompile Include="..\..\source\CControllerEventManager.cpp">
      <Filter>Source Files</Filter>
    </ClCompile>
    <ClCompile Include="..\..\source\CDevice.cpp">
      <Filter>Source Files</Filter>
    </ClCompile>
    <ClCompile Include="..\..\source\CFont.cpp">
      <Filter>Source Files</Filter>
    </ClCompile>
    <ClCompile Include="..\..\source\CFpsController.cpp">
      <Filter>Source Files</Filter>
    </ClCompile>
    <ClCompile Include="..\..\source\CGame.cpp">
      <Filter>Source Files</Filter>
    </ClCompile>
    <ClCompile Include="..\..\source\CGraphics2D.cpp">
      <Filter>Source Files</Filter>
    </ClCompile>
    <ClCompile Include="..\..\source\CImage.cpp">
      <Filter>Source Files</Filter>
    </ClCompile>
    <ClCompile Include="..\..\source\CRandom.cpp">
      <Filter>Source Files</Filter>
    </ClCompile>
    <ClCompile Include="..\..\source\CSprite.cpp">
      <Filter>Source Files</Filter>
    </ClCompile>
    <ClCompile Include="..\..\source\CStateManagement.cpp">
      <Filter>Source Files</Filter>
    </ClCompile>
    <ClCompile Include="..\..\source\CStringBufferStream.cpp">
      <Filter>Source Files</Filter>
    </ClCompile>
    <ClCompile Include="..\..\source\CText.cpp">
      <Filter>Source Files</Filter>
    </ClCompile>
    <ClCompile Include="..\..\source\CToken.cpp">
      <Filter>Source Files</Filter>
    </ClCompile>
    <ClCompile Include="..\..\source\CVorbisStreamPorting.cpp">
      <Filter>Source Files</Filter>
    </ClCompile>
    <ClCompile Include="..\..\source\CVSView.cpp">
      <Filter>Source Files</Filter>
    </ClCompile>
  </ItemGroup>
  <ItemGroup>
    <ClInclude Include="..\..\header\CDevice.h">
      <Filter>Header Files</Filter>
    </ClInclude>
    <ClInclude Include="..\..\header\CGame.h">
      <Filter>Header Files</Filter>
    </ClInclude>
    <ClInclude Include="..\..\header\Config.h">
      <Filter>Header Files</Filter>
    </ClInclude>
    <ClInclude Include="..\..\header\CSingleton.h">
      <Filter>Header Files</Filter>
    </ClInclude>
    <ClInclude Include="..\..\header\gametutor.h">
      <Filter>Header Files</Filter>
    </ClInclude>
    <ClInclude Include="..\..\header\Header.h">
      <Filter>Header Files</Filter>
    </ClInclude>
    <ClInclude Include="..\..\header\Macros.h">
      <Filter>Header Files</Filter>
    </ClInclude>
    <ClInclude Include="..\..\header\SGameConfig.h">
      <Filter>Header Files</Filter>
    </ClInclude>
    <ClInclude Include="..\..\header\CALAudioDriver.h">
      <Filter>Header Files\Audio</Filter>
    </ClInclude>
    <ClInclude Include="..\..\header\CAudioDriver.h">
      <Filter>Header Files\Audio</Filter>
    </ClInclude>
    <ClInclude Include="..\..\header\CAudioPlayer.h">
      <Filter>Header Files\Audio</Filter>
    </ClInclude>
    <ClInclude Include="..\..\header\CVorbisStreamPorting.h">
      <Filter>Header Files\Audio</Filter>
    </ClInclude>
    <ClInclude Include="..\..\header\CControllerEventManager.h">
      <Filter>Header Files\Controller</Filter>
    </ClInclude>
    <ClInclude Include="..\..\header\CControllerEventManager_inc.h">
      <Filter>Header Files\Controller</Filter>
    </ClInclude>
    <ClInclude Include="..\..\header\CControllerKeyManager_inc.h">
      <Filter>Header Files\Controller</Filter>
    </ClInclude>
    <ClInclude Include="..\..\header\CControllerPointerManager_inc.h">
      <Filter>Header Files\Controller</Filter>
    </ClInclude>
    <ClInclude Include="..\..\header\Stream.h">
      <Filter>Header Files\IO</Filter>
    </ClInclude>
    <ClInclude Include="..\..\header\Stream_Buffer.h">
      <Filter>Header Files\IO</Filter>
    </ClInclude>
    <ClInclude Include="..\..\header\Stream_FileWin32.h">
      <Filter>Header Files\IO</Filter>
    </ClInclude>
    <ClInclude Include="..\..\header\CFont.h">
      <Filter>Header Files\Resource Management</Filter>
    </ClInclude>
    <ClInclude Include="..\..\header\CImage.h">
      <Filter>Header Files\Resource Management</Filter>
    </ClInclude>
    <ClInclude Include="..\..\header\CImageManager.h">
      <Filter>Header Files\Resource Management</Filter>
    </ClInclude>
    <ClInclude Include="..\..\header\CResourceLookupTable.h">
      <Filter>Header Files\Resource Management</Filter>
    </ClInclude>
    <ClInclude Include="..\..\header\CSprite.h">
      <Filter>Header Files\Resource Management</Filter>
    </ClInclude>
    <ClInclude Include="..\..\header\CText.h">
      <Filter>Header Files\Resource Management</Filter>
    </ClInclude>
    <ClInclude Include="..\..\header\CFpsController.h">
      <Filter>Header Files\State Management</Filter>
    </ClInclude>
    <ClInclude Include="..\..\header\CState.h">
      <Filter>Header Files\State Management</Filter>
    </ClInclude>
    <ClInclude Include="..\..\header\CStateManagement.h">
      <Filter>Header Files\State Management</Filter>
    </ClInclude>
    <ClInclude Include="..\..\header\CCompressor.h">
      <Filter>Header Files\Utilities</Filter>
    </ClInclude>
    <ClInclude Include="..\..\header\CList.h">
      <Filter>Header Files\Utilities</Filter>
    </ClInclude>
    <ClInclude Include="..\..\header\CLookupTableI.h">
      <Filter>Header Files\Utilities</Filter>
    </ClInclude>
    <ClInclude Include="..\..\header\CLookupTableStr.h">
      <Filter>Header Files\Utilities</Filter>
    </ClInclude>
    <ClInclude Include="..\..\header\CRandom.h">
      <Filter>Header Files\Utilities</Filter>
    </ClInclude>
    <ClInclude Include="..\..\header\CStringBufferStream.h">
      <Filter>Header Files\Utilities</Filter>
    </ClInclude>
    <ClInclude Include="..\..\header\CToken.h">
      <Filter>Header Files\Utilities</Filter>
    </ClInclude>
    <ClInclude Include="..\..\header\Utils.h">
      <Filter>Header Files\Utilities</Filter>
    </ClInclude>
    <ClInclude Include="..\..\header\CGLPipelineDriver.h">
      <Filter>Header Files\Video</Filter>
    </ClInclude>
    <ClInclude Include="..\..\header\CGraphics2D.h">
      <Filter>Header Files\Video</Filter>
    </ClInclude>
    <ClInclude Include="..\..\header\IVideoDriver.h">
      <Filter>Header Files\Video</Filter>
    </ClInclude>
    <ClInclude Include="..\..\header\SGraphics.h">
      <Filter>Header Files\Video</Filter>
    </ClInclude>
    <ClInclude Include="..\..\header\CViewController.h">
      <Filter>Header Files\View</Filter>
    </ClInclude>
    <ClInclude Include="..\..\header\CVSView.h">
      <Filter>Header Files\View</Filter>
    </ClInclude>
  </ItemGroup>
</Project>